
Microsoft Visual Studio Solution File, Format Version 12.00
# Visual Studio Version 17
VisualStudioVersion = 17.2.32616.157
MinimumVisualStudioVersion = 10.0.40219.1
Project("{FAE04EC0-301F-11D3-BF4B-00C04F79EFBC}") = "Training", "Training\Training.csproj", "{A07EE202-F7D7-46B1-9125-ECA6B9E1FD81}"
EndProject
Global
	GlobalSection(SolutionConfigurationPlatforms) = preSolution
		Debug|Any CPU = Debug|Any CPU
		Release|Any CPU = Release|Any CPU
	EndGlobalSection
	GlobalSection(ProjectConfigurationPlatforms) = postSolution
		{A07EE202-F7D7-46B1-9125-ECA6B9E1FD81}.Debug|Any CPU.ActiveCfg = Debug|Any CPU
		{A07EE202-F7D7-46B1-9125-ECA6B9E1FD81}.Debug|Any CPU.Build.0 = Debug|Any CPU
		{A07EE202-F7D7-46B1-9125-ECA6B9E1FD81}.Release|Any CPU.ActiveCfg = Release|Any CPU
		{A07EE202-F7D7-46B1-9125-ECA6B9E1FD81}.Release|Any CPU.Build.0 = Release|Any CPU
	EndGlobalSection
	GlobalSection(SolutionProperties) = preSolution
		HideSolutionNode = FALSE
	EndGlobalSection
	GlobalSection(ExtensibilityGlobals) = postSolution
		SolutionGuid = {0E59750C-AD11-489F-B27F-16118482B95E}
	EndGlobalSection
EndGlobal
